
Microsoft Visual Studio Solution File, Format Version 12.00
# Visual Studio Version 17
VisualStudioVersion = 17.9.34607.119
MinimumVisualStudioVersion = 10.0.40219.1
Project("{FAE04EC0-301F-11D3-BF4B-00C04F79EFBC}") = "OTTSpiderBotHtmlDocument", "OTTSpiderBotHtmlDocument\OTTSpiderBotHtmlDocument.csproj", "{F5EEFED7-CD9B-4751-9423-DEAFA46D1B48}"
EndProject
Global
	GlobalSection(SolutionConfigurationPlatforms) = preSolution
		Debug|Any CPU = Debug|Any CPU
		Release|Any CPU = Release|Any CPU
	EndGlobalSection
	GlobalSection(ProjectConfigurationPlatforms) = postSolution
		{F5EEFED7-CD9B-4751-9423-DEAFA46D1B48}.Debug|Any CPU.ActiveCfg = Debug|Any CPU
		{F5EEFED7-CD9B-4751-9423-DEAFA46D1B48}.Debug|Any CPU.Build.0 = Debug|Any CPU
		{F5EEFED7-CD9B-4751-9423-DEAFA46D1B48}.Release|Any CPU.ActiveCfg = Release|Any CPU
		{F5EEFED7-CD9B-4751-9423-DEAFA46D1B48}.Release|Any CPU.Build.0 = Release|Any CPU
	EndGlobalSection
	GlobalSection(SolutionProperties) = preSolution
		HideSolutionNode = FALSE
	EndGlobalSection
	GlobalSection(ExtensibilityGlobals) = postSolution
		SolutionGuid = {F17EE78F-88E1-4F05-98BB-5CB08F29273A}
	EndGlobalSection
EndGlobal
